schema: '2.0'
stages:
  preprocess:
    cmd: python src/preprocess.py
    deps:
    - path: data/dataset.csv
      hash: md5
      md5: 20f163e082754da11f7eab4acdd7ddde
      size: 44200
    - path: src/preprocess.py
      hash: md5
      md5: 50cbf5277bb5eb8f21912e98f0e28ea5
      size: 2312
    outs:
    - path: data/processed/processed.csv
      hash: md5
      md5: 53d11f3ff9396360b1a50dc9e188e1be
      size: 38507
  train:
    cmd: python src/train.py
    deps:
    - path: data/processed/processed.csv
      hash: md5
      md5: 53d11f3ff9396360b1a50dc9e188e1be
      size: 38507
    - path: src/train.py
      hash: md5
      md5: 63c6e8d715eb2205ad12b70ef726a5ec
      size: 2189
    params:
      params.yaml:
        model:
          n_estimators: 200
          max_depth: 10
        train:
          test_size: 0.2
          random_state: 42
    outs:
    - path: models/model.pkl
      hash: md5
      md5: 38fca59411b05a3082684a92221a0881
      size: 9135562
  evaluate:
    cmd: python src/evaluate.py
    deps:
    - path: models/model.pkl
      hash: md5
      md5: 38fca59411b05a3082684a92221a0881
      size: 9135562
    - path: src/evaluate.py
      hash: md5
      md5: 32b0e47061b51e609913ffa6ddad2ad3
      size: 3799
    outs:
    - path: metrics/metrics.json
      hash: md5
      md5: 381c69b0e61d787f15d9fcb02e2028d2
      size: 161
